
Microsoft Visual Studio Solution File, Format Version 12.00
# Visual Studio Version 16
VisualStudioVersion = 16.0.30413.136
MinimumVisualStudioVersion = 10.0.40219.1
Project("{FAE04EC0-301F-11D3-BF4B-00C04F79EFBC}") = "TP02.Android", "TP02.Android\TP02.Android.csproj", "{C0DF4EB5-1790-4EB6-867E-EA593A365E36}"
EndProject
Project("{FAE04EC0-301F-11D3-BF4B-00C04F79EFBC}") = "TP02", "TP02\TP02.csproj", "{F853A8F5-E0C2-4AD7-96DC-95BFD56EA001}"
EndProject
Global
	GlobalSection(SolutionConfigurationPlatforms) = preSolution
		Debug|Any CPU = Debug|Any CPU
		Release|Any CPU = Release|Any CPU
	EndGlobalSection
	GlobalSection(ProjectConfigurationPlatforms) = postSolution
		{C0DF4EB5-1790-4EB6-867E-EA593A365E36}.Debug|Any CPU.ActiveCfg = Debug|Any CPU
		{C0DF4EB5-1790-4EB6-867E-EA593A365E36}.Debug|Any CPU.Build.0 = Debug|Any CPU
		{C0DF4EB5-1790-4EB6-867E-EA593A365E36}.Debug|Any CPU.Deploy.0 = Debug|Any CPU
		{C0DF4EB5-1790-4EB6-867E-EA593A365E36}.Release|Any CPU.ActiveCfg = Release|Any CPU
		{C0DF4EB5-1790-4EB6-867E-EA593A365E36}.Release|Any CPU.Build.0 = Release|Any CPU
		{C0DF4EB5-1790-4EB6-867E-EA593A365E36}.Release|Any CPU.Deploy.0 = Release|Any CPU
		{F853A8F5-E0C2-4AD7-96DC-95BFD56EA001}.Debug|Any CPU.ActiveCfg = Debug|Any CPU
		{F853A8F5-E0C2-4AD7-96DC-95BFD56EA001}.Debug|Any CPU.Build.0 = Debug|Any CPU
		{F853A8F5-E0C2-4AD7-96DC-95BFD56EA001}.Debug|Any CPU.Deploy.0 = Debug|Any CPU
		{F853A8F5-E0C2-4AD7-96DC-95BFD56EA001}.Release|Any CPU.ActiveCfg = Release|Any CPU
		{F853A8F5-E0C2-4AD7-96DC-95BFD56EA001}.Release|Any CPU.Build.0 = Release|Any CPU
		{F853A8F5-E0C2-4AD7-96DC-95BFD56EA001}.Release|Any CPU.Deploy.0 = Release|Any CPU
	EndGlobalSection
	GlobalSection(SolutionProperties) = preSolution
		HideSolutionNode = FALSE
	EndGlobalSection
	GlobalSection(ExtensibilityGlobals) = postSolution
		SolutionGuid = {79ACC154-1E9A-49B2-B27B-33ED71F0F092}
	EndGlobalSection
EndGlobal
